<?xml version="1.0" encoding="utf-8"?>
<Project ToolsVersion="4.0" xmlns="http://schemas.microsoft.com/developer/msbuild/2003">
  <ItemGroup>
    <Filter Include="Resource Files">
      <UniqueIdentifier>{67DA6AB6-F800-4c08-8B7A-83BB121AAD01}</UniqueIdentifier>
      <Extensions>rc;ico;cur;bmp;dlg;rc2;rct;bin;rgs;gif;jpg;jpeg;jpe;resx;tiff;tif;png;wav;mfcribbon-ms</Extensions>
    </Filter>
    <Filter Include="System">
      <UniqueIdentifier>{4FC737F1-C7A5-4376-A066-2A32D752A2FF}</UniqueIdentifier>
      <Extensions>cpp;c;cc;cxx;c++;cppm;ixx;def;odl;idl;hpj;bat;asm;asmx</Extensions>
    </Filter>
    <Filter Include="Database">
      <UniqueIdentifier>{c94131dc-2962-4196-809c-67830eab83df}</UniqueIdentifier>
    </Filter>
    <Filter Include="Query">
      <UniqueIdentifier>{8a1f3c3c-d5dc-4f97-9461-44a2d3142844}</UniqueIdentifier>
    </Filter>
    <Filter Include="Config">
      <UniqueIdentifier>{b0f6c8dd-dcbf-42b8-ab92-ef74ad98862c}</UniqueIdentifier>
    </Filter>
    <Filter Include="Meta data">
      <UniqueIdentifier>{4384f4b0-1963-4cfa-9d05-6445474b9497}</UniqueIdentifier>
    </Filter>
  </ItemGroup>
  <ItemGroup>
    <ClCompile Include="..\src\Migrator\IDatabase.cpp">
      <Filter>Database</Filter>
    </ClCompile>
    <ClCompile Include="..\src\Migrator\IDatabasePostgreSQL.cpp">
      <Filter>Database</Filter>
    </ClCompile>
    <ClCompile Include="..\src\Migrator\IDatabaseSQLite.cpp">
      <Filter>Database</Filter>
    </ClCompile>
    <ClCompile Include="..\src\Migrator\MRDatabase.cpp">
      <Filter>Database</Filter>
    </ClCompile>
    <ClCompile Include="..\src\Migrator\MRDefDatabase.cpp">
      <Filter>Database</Filter>
    </ClCompile>
    <ClCompile Include="..\src\Migrator\MRMetaData.cpp">
      <Filter>Meta data</Filter>
    </ClCompile>
    <ClCompile Include="..\src\Migrator\TMetaClass.cpp">
      <Filter>Meta data</Filter>
    </ClCompile>
    <ClCompile Include="..\src\Migrator\IQuery.cpp">
      <Filter>Query</Filter>
    </ClCompile>
    <ClCompile Include="..\src\Migrator\IQueryPostgreSQL.cpp">
      <Filter>Query</Filter>
    </ClCompile>
    <ClCompile Include="..\src\Migrator\IQuerySQLite.cpp">
      <Filter>Query</Filter>
    </ClCompile>
    <ClCompile Include="..\src\Migrator\MRQuery.cpp">
      <Filter>Query</Filter>
    </ClCompile>
    <ClCompile Include="..\src\Migrator\MRSQLProcessor.cpp">
      <Filter>System</Filter>
    </ClCompile>
    <ClCompile Include="..\src\Migrator\main.cpp">
      <Filter>System</Filter>
    </ClCompile>
    <ClCompile Include="..\src\Migrator\MRLogger.cpp">
      <Filter>System</Filter>
    </ClCompile>
    <ClCompile Include="..\src\Migrator\MRMigrator.cpp">
      <Filter>System</Filter>
    </ClCompile>
    <ClCompile Include="..\src\Migrator\MRTemplate.cpp">
      <Filter>System</Filter>
    </ClCompile>
    <ClCompile Include="..\src\Migrator\MRLibrary.cpp">
      <Filter>System</Filter>
    </ClCompile>
    <ClCompile Include="..\src\Migrator\SimpleIni.cpp">
      <Filter>Config</Filter>
    </ClCompile>
    <ClCompile Include="..\src\Migrator\MRConfig.cpp">
      <Filter>Config</Filter>
    </ClCompile>
    <ClCompile Include="..\src\Migrator\MRException.cpp">
      <Filter>System</Filter>
    </ClCompile>
    <ClCompile Include="..\src\utils\MRFileSystem.cpp">
      <Filter>System</Filter>
    </ClCompile>
    <ClCompile Include="..\src\utils\MRDateTime.cpp">
      <Filter>System</Filter>
    </ClCompile>
    <ClCompile Include="..\src\utils\MRTypedefs.cpp">
      <Filter>System</Filter>
    </ClCompile>
    <ClCompile Include="..\src\utils\StdAfx.cpp">
      <Filter>System</Filter>
    </ClCompile>
    <ClCompile Include="..\src\utils\tinyxml2.cpp">
      <Filter>Meta data</Filter>
    </ClCompile>
    <ClCompile Include="..\src\Migrator\MRUtils.cpp">
      <Filter>System</Filter>
    </ClCompile>
    <ClCompile Include="..\src\utils\MRConstants.cpp">
      <Filter>System</Filter>
    </ClCompile>
    <ClCompile Include="..\src\utils\MRString.cpp">
      <Filter>System</Filter>
    </ClCompile>
    <ClCompile Include="..\src\utils\MRCrypt.cpp">
      <Filter>System</Filter>
    </ClCompile>
    <ClCompile Include="..\src\utils\argparse.cpp">
      <Filter>System</Filter>
    </ClCompile>
    <ClCompile Include="..\src\utils\MRContainer.cpp">
      <Filter>System</Filter>
    </ClCompile>
  </ItemGroup>
  <ItemGroup>
    <ClInclude Include="..\src\Migrator\IDatabase.h">
      <Filter>Database</Filter>
    </ClInclude>
    <ClInclude Include="..\src\Migrator\IDatabasePostgreSQL.h">
      <Filter>Database</Filter>
    </ClInclude>
    <ClInclude Include="..\src\Migrator\IDatabaseSQLite.h">
      <Filter>Database</Filter>
    </ClInclude>
    <ClInclude Include="..\src\Migrator\MRDatabase.h">
      <Filter>Database</Filter>
    </ClInclude>
    <ClInclude Include="..\src\Migrator\MRDefDatabase.h">
      <Filter>Database</Filter>
    </ClInclude>
    <ClInclude Include="..\src\Migrator\MRMetaData.h">
      <Filter>Meta data</Filter>
    </ClInclude>
    <ClInclude Include="..\src\Migrator\TMetaClass.h">
      <Filter>Meta data</Filter>
    </ClInclude>
    <ClInclude Include="..\src\Migrator\IQuery.h">
      <Filter>Query</Filter>
    </ClInclude>
    <ClInclude Include="..\src\Migrator\IQueryPostgreSQL.h">
      <Filter>Query</Filter>
    </ClInclude>
    <ClInclude Include="..\src\Migrator\IQuerySQLite.h">
      <Filter>Query</Filter>
    </ClInclude>
    <ClInclude Include="..\src\Migrator\MRQuery.h">
      <Filter>Query</Filter>
    </ClInclude>
    <ClInclude Include="..\src\Migrator\MRSQLProcessor.h">
      <Filter>System</Filter>
    </ClInclude>
    <ClInclude Include="..\src\Migrator\MRLogger.h">
      <Filter>System</Filter>
    </ClInclude>
    <ClInclude Include="..\src\Migrator\MRMigrator.h">
      <Filter>System</Filter>
    </ClInclude>
    <ClInclude Include="..\src\Migrator\MRTemplate.h">
      <Filter>System</Filter>
    </ClInclude>
    <ClInclude Include="..\src\Migrator\MRLibrary.h">
      <Filter>System</Filter>
    </ClInclude>
    <ClInclude Include="..\src\Migrator\SimpleIni.h">
      <Filter>Config</Filter>
    </ClInclude>
    <ClInclude Include="..\src\Migrator\MRConfig.h">
      <Filter>Config</Filter>
    </ClInclude>
    <ClInclude Include="..\src\Migrator\MRException.h">
      <Filter>System</Filter>
    </ClInclude>
    <ClInclude Include="..\src\utils\MRFileSystem.h">
      <Filter>System</Filter>
    </ClInclude>
    <ClInclude Include="..\src\utils\MRDateTime.h">
      <Filter>System</Filter>
    </ClInclude>
    <ClInclude Include="..\src\utils\MRTypedefs.h">
      <Filter>System</Filter>
    </ClInclude>
    <ClInclude Include="..\src\utils\StdAfx.h">
      <Filter>System</Filter>
    </ClInclude>
    <ClInclude Include="..\src\utils\tinyxml2.h">
      <Filter>Meta data</Filter>
    </ClInclude>
    <ClInclude Include="..\src\Migrator\MRUtils.h">
      <Filter>System</Filter>
    </ClInclude>
    <ClInclude Include="..\src\utils\MRConstants.h">
      <Filter>System</Filter>
    </ClInclude>
    <ClInclude Include="..\src\utils\MRString.h">
      <Filter>System</Filter>
    </ClInclude>
    <ClInclude Include="..\src\utils\MRCrypt.h">
      <Filter>System</Filter>
    </ClInclude>
    <ClInclude Include="..\src\utils\argparse.h">
      <Filter>System</Filter>
    </ClInclude>
    <ClInclude Include="..\src\utils\MRContainer.h">
      <Filter>System</Filter>
    </ClInclude>
  </ItemGroup>
  <ItemGroup>
    <ResourceCompile Include="Migrator.rc">
      <Filter>Resource Files</Filter>
    </ResourceCompile>
  </ItemGroup>
  <ItemGroup>
    <None Include="..\resources\PostgreSQL.smd">
      <Filter>Resource Files</Filter>
    </None>
    <None Include="..\resources\SQLite.smd">
      <Filter>Resource Files</Filter>
    </None>
    <None Include="..\resources\Template.smd">
      <Filter>Resource Files</Filter>
    </None>
  </ItemGroup>
</Project>